Microsoft Visual Studio Solution File, Format Version 12.00
# Visual Studio Version 17
VisualStudioVersion = 17.5.2.0
MinimumVisualStudioVersion = 10.0.40219.1
Project("{FAE04EC0-301F-11D3-BF4B-00C04F79EFBC}") = "BackendApiTiendaVintage", "BackendApiTiendaVintage.csproj", "{C1D611A1-0F7C-10EB-7D1F-55743B8B548E}"
EndProject
Global
	GlobalSection(SolutionConfigurationPlatforms) = preSolution
		Debug|Any CPU = Debug|Any CPU
		Release|Any CPU = Release|Any CPU
	EndGlobalSection
	GlobalSection(ProjectConfigurationPlatforms) = postSolution
		{C1D611A1-0F7C-10EB-7D1F-55743B8B548E}.Debug|Any CPU.ActiveCfg = Debug|Any CPU
		{C1D611A1-0F7C-10EB-7D1F-55743B8B548E}.Debug|Any CPU.Build.0 = Debug|Any CPU
		{C1D611A1-0F7C-10EB-7D1F-55743B8B548E}.Release|Any CPU.ActiveCfg = Release|Any CPU
		{C1D611A1-0F7C-10EB-7D1F-55743B8B548E}.Release|Any CPU.Build.0 = Release|Any CPU
	EndGlobalSection
	GlobalSection(SolutionProperties) = preSolution
		HideSolutionNode = FALSE
	EndGlobalSection
	GlobalSection(ExtensibilityGlobals) = postSolution
		SolutionGuid = {178557C0-7720-47CC-AC7A-3715B355E83D}
	EndGlobalSection
EndGlobal
